
Microsoft Visual Studio Solution File, Format Version 12.00
# Visual Studio Version 16
VisualStudioVersion = 16.0.31019.35
MinimumVisualStudioVersion = 10.0.40219.1
Project("{F184B08F-C81C-45F6-A57F-5ABD9991F28F}") = "NotePad", "NotePad.vbproj", "{CDC266E9-921C-4500-9634-79E89B727B0E}"
EndProject
Global
	GlobalSection(SolutionConfigurationPlatforms) = preSolution
		Debug|Any CPU = Debug|Any CPU
		Release|Any CPU = Release|Any CPU
	EndGlobalSection
	GlobalSection(ProjectConfigurationPlatforms) = postSolution
		{CDC266E9-921C-4500-9634-79E89B727B0E}.Debug|Any CPU.ActiveCfg = Debug|Any CPU
		{CDC266E9-921C-4500-9634-79E89B727B0E}.Debug|Any CPU.Build.0 = Debug|Any CPU
		{CDC266E9-921C-4500-9634-79E89B727B0E}.Release|Any CPU.ActiveCfg = Release|Any CPU
		{CDC266E9-921C-4500-9634-79E89B727B0E}.Release|Any CPU.Build.0 = Release|Any CPU
	EndGlobalSection
	GlobalSection(SolutionProperties) = preSolution
		HideSolutionNode = FALSE
	EndGlobalSection
	GlobalSection(ExtensibilityGlobals) = postSolution
		SolutionGuid = {B77C66A4-56AA-4043-979B-40EEF545D9EC}
	EndGlobalSection
EndGlobal
